// !$*UTF8*$!
{
	archiveVersion = 1;
	classes = {
	};
	objectVersion = 56;
	objects = {

/* Begin PBXBuildFile section */
		52116CF32BD9FCB600C0E70F /* StoryVM.swift in Sources */ = {isa = PBXBuildFile; fileRef = 52116CF22BD9FCB600C0E70F /* StoryVM.swift */; };
		52116CF62BD9FD2300C0E70F /* GoogleGenerativeAI in Frameworks */ = {isa = PBXBuildFile; productRef = 52116CF52BD9FD2300C0E70F /* GoogleGenerativeAI */; };
		52116CF82BDA365500C0E70F /* ElevenLabsService.swift in Sources */ = {isa = PBXBuildFile; fileRef = 52116CF72BDA365500C0E70F /* ElevenLabsService.swift */; };
		52116CFA2BDA3CB400C0E70F /* SpeechVM.swift in Sources */ = {isa = PBXBuildFile; fileRef = 52116CF92BDA3CB400C0E70F /* SpeechVM.swift */; };
		52D72E2A2BD8DBFF00D3EB88 /* VoiceAIApp.swift in Sources */ = {isa = PBXBuildFile; fileRef = 52D72E292BD8DBFF00D3EB88 /* VoiceAIApp.swift */; };
		52D72E2C2BD8DBFF00D3EB88 /* ContentView.swift in Sources */ = {isa = PBXBuildFile; fileRef = 52D72E2B2BD8DBFF00D3EB88 /* ContentView.swift */; };
		52D72E2E2BD8DC0000D3EB88 /* Assets.xcassets in Resources */ = {isa = PBXBuildFile; fileRef = 52D72E2D2BD8DC0000D3EB88 /* Assets.xcassets */; };
		52D72E312BD8DC0000D3EB88 /* Preview Assets.xcassets in Resources */ = {isa = PBXBuildFile; fileRef = 52D72E302BD8DC0000D3EB88 /* Preview Assets.xcassets */; };
		52D72E3C2BD8DC5600D3EB88 /* Topics.swift in Sources */ = {isa = PBXBuildFile; fileRef = 52D72E3B2BD8DC5600D3EB88 /* Topics.swift */; };
		52D72E3E2BD8DCE800D3EB88 /* StoriesView.swift in Sources */ = {isa = PBXBuildFile; fileRef = 52D72E3D2BD8DCE800D3EB88 /* StoriesView.swift */; };
		52D72E402BD8DCF500D3EB88 /* SettingsView.swift in Sources */ = {isa = PBXBuildFile; fileRef = 52D72E3F2BD8DCF500D3EB88 /* SettingsView.swift */; };
		52D72E432BD8F53200D3EB88 /* Constant.swift in Sources */ = {isa = PBXBuildFile; fileRef = 52D72E422BD8F53200D3EB88 /* Constant.swift */; };
/* End PBXBuildFile section */

/* Begin PBXFileReference section */
		52116CF22BD9FCB600C0E70F /* StoryVM.swift */ = {isa = PBXFileReference; lastKnownFileType = sourcecode.swift; path = StoryVM.swift; sourceTree = "<group>"; };
		52116CF72BDA365500C0E70F /* ElevenLabsService.swift */ = {isa = PBXFileReference; lastKnownFileType = sourcecode.swift; path = ElevenLabsService.swift; sourceTree = "<group>"; };
		52116CF92BDA3CB400C0E70F /* SpeechVM.swift */ = {isa = PBXFileReference; lastKnownFileType = sourcecode.swift; path = SpeechVM.swift; sourceTree = "<group>"; };
		52D72E262BD8DBFF00D3EB88 /* VoiceAI.app */ = {isa = PBXFileReference; explicitFileType = wrapper.application; includeInIndex = 0; path = VoiceAI.app; sourceTree = BUILT_PRODUCTS_DIR; };
		52D72E292BD8DBFF00D3EB88 /* VoiceAIApp.swift */ = {isa = PBXFileReference; lastKnownFileType = sourcecode.swift; path = VoiceAIApp.swift; sourceTree = "<group>"; };
		52D72E2B2BD8DBFF00D3EB88 /* ContentView.swift */ = {isa = PBXFileReference; lastKnownFileType = sourcecode.swift; path = ContentView.swift; sourceTree = "<group>"; };
		52D72E2D2BD8DC0000D3EB88 /* Assets.xcassets */ = {isa = PBXFileReference; lastKnownFileType = folder.assetcatalog; path = Assets.xcassets; sourceTree = "<group>"; };
		52D72E302BD8DC0000D3EB88 /* Preview Assets.xcassets */ = {isa = PBXFileReference; lastKnownFileType = folder.assetcatalog; path = "Preview Assets.xcassets"; sourceTree = "<group>"; };
		52D72E3B2BD8DC5600D3EB88 /* Topics.swift */ = {isa = PBXFileReference; lastKnownFileType = sourcecode.swift; path = Topics.swift; sourceTree = "<group>"; };
		52D72E3D2BD8DCE800D3EB88 /* StoriesView.swift */ = {isa = PBXFileReference; lastKnownFileType = sourcecode.swift; path = StoriesView.swift; sourceTree = "<group>"; };
		52D72E3F2BD8DCF500D3EB88 /* SettingsView.swift */ = {isa = PBXFileReference; lastKnownFileType = sourcecode.swift; path = SettingsView.swift; sourceTree = "<group>"; };
		52D72E422BD8F53200D3EB88 /* Constant.swift */ = {isa = PBXFileReference; lastKnownFileType = sourcecode.swift; path = Constant.swift; sourceTree = "<group>"; };
/* End PBXFileReference section */

/* Begin PBXFrameworksBuildPhase section */
		52D72E232BD8DBFF00D3EB88 /* Frameworks */ = {
			isa = PBXFrameworksBuildPhase;
			buildActionMask = 2147483647;
			files = (
				52116CF62BD9FD2300C0E70F /* GoogleGenerativeAI in Frameworks */,
			);
			runOnlyForDeploymentPostprocessing = 0;
		};
/* End PBXFrameworksBuildPhase section */

/* Begin PBXGroup section */
		52116CF12BD9FC9100C0E70F /* ViewModel */ = {
			isa = PBXGroup;
			children = (
				52116CF22BD9FCB600C0E70F /* StoryVM.swift */,
				52116CF92BDA3CB400C0E70F /* SpeechVM.swift */,
			);
			path = ViewModel;
			sourceTree = "<group>";
		};
		52D72E1D2BD8DBFF00D3EB88 = {
			isa = PBXGroup;
			children = (
				52D72E282BD8DBFF00D3EB88 /* VoiceAI */,
				52D72E272BD8DBFF00D3EB88 /* Products */,
			);
			sourceTree = "<group>";
		};
		52D72E272BD8DBFF00D3EB88 /* Products */ = {
			isa = PBXGroup;
			children = (
				52D72E262BD8DBFF00D3EB88 /* VoiceAI.app */,
			);
			name = Products;
			sourceTree = "<group>";
		};
		52D72E282BD8DBFF00D3EB88 /* VoiceAI */ = {
			isa = PBXGroup;
			children = (
				52116CF12BD9FC9100C0E70F /* ViewModel */,
				52D72E412BD8F51D00D3EB88 /* Services */,
				52D72E3A2BD8DC3E00D3EB88 /* Model */,
				52D72E382BD8DC1200D3EB88 /* App */,
				52D72E372BD8DC0A00D3EB88 /* View */,
				52D72E392BD8DC1900D3EB88 /* Resources */,
				52D72E2F2BD8DC0000D3EB88 /* Preview Content */,
			);
			path = VoiceAI;
			sourceTree = "<group>";
		};
		52D72E2F2BD8DC0000D3EB88 /* Preview Content */ = {
			isa = PBXGroup;
			children = (
				52D72E302BD8DC0000D3EB88 /* Preview Assets.xcassets */,
			);
			path = "Preview Content";
			sourceTree = "<group>";
		};
		52D72E372BD8DC0A00D3EB88 /* View */ = {
			isa = PBXGroup;
			children = (
				52D72E2B2BD8DBFF00D3EB88 /* ContentView.swift */,
				52D72E3D2BD8DCE800D3EB88 /* StoriesView.swift */,
				52D72E3F2BD8DCF500D3EB88 /* SettingsView.swift */,
			);
			path = View;
			sourceTree = "<group>";
		};
		52D72E382BD8DC1200D3EB88 /* App */ = {
			isa = PBXGroup;
			children = (
				52D72E292BD8DBFF00D3EB88 /* VoiceAIApp.swift */,
			);
			path = App;
			sourceTree = "<group>";
		};
		52D72E392BD8DC1900D3EB88 /* Resources */ = {
			isa = PBXGroup;
			children = (
				52D72E2D2BD8DC0000D3EB88 /* Assets.xcassets */,
			);
			path = Resources;
			sourceTree = "<group>";
		};
		52D72E3A2BD8DC3E00D3EB88 /* Model */ = {
			isa = PBXGroup;
			children = (
				52D72E3B2BD8DC5600D3EB88 /* Topics.swift */,
			);
			path = Model;
			sourceTree = "<group>";
		};
		52D72E412BD8F51D00D3EB88 /* Services */ = {
			isa = PBXGroup;
			children = (
				52D72E422BD8F53200D3EB88 /* Constant.swift */,
				52116CF72BDA365500C0E70F /* ElevenLabsService.swift */,
			);
			path = Services;
			sourceTree = "<group>";
		};
/* End PBXGroup section */

/* Begin PBXNativeTarget section */
		52D72E252BD8DBFF00D3EB88 /* VoiceAI */ = {
			isa = PBXNativeTarget;
			buildConfigurationList = 52D72E342BD8DC0000D3EB88 /* Build configuration list for PBXNativeTarget "VoiceAI" */;
			buildPhases = (
				52D72E222BD8DBFF00D3EB88 /* Sources */,
				52D72E232BD8DBFF00D3EB88 /* Frameworks */,
				52D72E242BD8DBFF00D3EB88 /* Resources */,
			);
			buildRules = (
			);
			dependencies = (
			);
			name = VoiceAI;
			packageProductDependencies = (
				52116CF52BD9FD2300C0E70F /* GoogleGenerativeAI */,
			);
			productName = VoiceAI;
			productReference = 52D72E262BD8DBFF00D3EB88 /* VoiceAI.app */;
			productType = "com.apple.product-type.application";
		};
/* End PBXNativeTarget section */

/* Begin PBXProject section */
		52D72E1E2BD8DBFF00D3EB88 /* Project object */ = {
			isa = PBXProject;
			attributes = {
				BuildIndependentTargetsInParallel = 1;
				LastSwiftUpdateCheck = 1530;
				LastUpgradeCheck = 1530;
				TargetAttributes = {
					52D72E252BD8DBFF00D3EB88 = {
						CreatedOnToolsVersion = 15.3;
					};
				};
			};
			buildConfigurationList = 52D72E212BD8DBFF00D3EB88 /* Build configuration list for PBXProject "VoiceAI" */;
			compatibilityVersion = "Xcode 14.0";
			developmentRegion = en;
			hasScannedForEncodings = 0;
			knownRegions = (
				en,
				Base,
			);
			mainGroup = 52D72E1D2BD8DBFF00D3EB88;
			packageReferences = (
				52116CF42BD9FD2300C0E70F /* XCRemoteSwiftPackageReference "generative-ai-swift" */,
			);
			productRefGroup = 52D72E272BD8DBFF00D3EB88 /* Products */;
			projectDirPath = "";
			projectRoot = "";
			targets = (
				52D72E252BD8DBFF00D3EB88 /* VoiceAI */,
			);
		};
/* End PBXProject section */

/* Begin PBXResourcesBuildPhase section */
		52D72E242BD8DBFF00D3EB88 /* Resources */ = {
			isa = PBXResourcesBuildPhase;
			buildActionMask = 2147483647;
			files = (
				52D72E312BD8DC0000D3EB88 /* Preview Assets.xcassets in Resources */,
				52D72E2E2BD8DC0000D3EB88 /* Assets.xcassets in Resources */,
			);
			runOnlyForDeploymentPostprocessing = 0;
		};
/* End PBXResourcesBuildPhase section */

/* Begin PBXSourcesBuildPhase section */
		52D72E222BD8DBFF00D3EB88 /* Sources */ = {
			isa = PBXSourcesBuildPhase;
			buildActionMask = 2147483647;
			files = (
				52D72E402BD8DCF500D3EB88 /* SettingsView.swift in Sources */,
				52116CFA2BDA3CB400C0E70F /* SpeechVM.swift in Sources */,
				52116CF32BD9FCB600C0E70F /* StoryVM.swift in Sources */,
				52D72E3E2BD8DCE800D3EB88 /* StoriesView.swift in Sources */,
				52D72E2C2BD8DBFF00D3EB88 /* ContentView.swift in Sources */,
				52116CF82BDA365500C0E70F /* ElevenLabsService.swift in Sources */,
				52D72E2A2BD8DBFF00D3EB88 /* VoiceAIApp.swift in Sources */,
				52D72E3C2BD8DC5600D3EB88 /* Topics.swift in Sources */,
				52D72E432BD8F53200D3EB88 /* Constant.swift in Sources */,
			);
			runOnlyForDeploymentPostprocessing = 0;
		};
/* End PBXSourcesBuildPhase section */

/* Begin XCBuildConfiguration section */
		52D72E322BD8DC0000D3EB88 /* Debug */ = {
			isa = XCBuildConfiguration;
			buildSettings = {
				ALWAYS_SEARCH_USER_PATHS = NO;
				ASSETCATALOG_COMPILER_GENERATE_SWIFT_ASSET_SYMBOL_EXTENSIONS = YES;
				CLANG_ANALYZER_NONNULL = YES;
				CLANG_ANALYZER_NUMBER_OBJECT_CONVERSION = YES_AGGRESSIVE;
				CLANG_CXX_LANGUAGE_STANDARD = "gnu++20";
				CLANG_ENABLE_MODULES = YES;
				CLANG_ENABLE_OBJC_ARC = YES;
				CLANG_ENABLE_OBJC_WEAK = YES;
				CLANG_WARN_BLOCK_CAPTURE_AUTORELEASING = YES;
				CLANG_WARN_BOOL_CONVERSION = YES;
				CLANG_WARN_COMMA = YES;
				CLANG_WARN_CONSTANT_CONVERSION = YES;
				CLANG_WARN_DEPRECATED_OBJC_IMPLEMENTATIONS = YES;
				CLANG_WARN_DIRECT_OBJC_ISA_USAGE = YES_ERROR;
				CLANG_WARN_DOCUMENTATION_COMMENTS = YES;
				CLANG_WARN_EMPTY_BODY = YES;
				CLANG_WARN_ENUM_CONVERSION = YES;
				CLANG_WARN_INFINITE_RECURSION = YES;
				CLANG_WARN_INT_CONVERSION = YES;
				CLANG_WARN_NON_LITERAL_NULL_CONVERSION = YES;
				CLANG_WARN_OBJC_IMPLICIT_RETAIN_SELF = YES;
				CLANG_WARN_OBJC_LITERAL_CONVERSION = YES;
				CLANG_WARN_OBJC_ROOT_CLASS = YES_ERROR;
				CLANG_WARN_QUOTED_INCLUDE_IN_FRAMEWORK_HEADER = YES;
				CLANG_WARN_RANGE_LOOP_ANALYSIS = YES;
				CLANG_WARN_STRICT_PROTOTYPES = YES;
				CLANG_WARN_SUSPICIOUS_MOVE = YES;
				CLANG_WARN_UNGUARDED_AVAILABILITY = YES_AGGRESSIVE;
				CLANG_WARN_UNREACHABLE_CODE = YES;
				CLANG_WARN__DUPLICATE_METHOD_MATCH = YES;
				COPY_PHASE_STRIP = NO;
				DEBUG_INFORMATION_FORMAT = dwarf;
				ENABLE_STRICT_OBJC_MSGSEND = YES;
				ENABLE_TESTABILITY = YES;
				ENABLE_USER_SCRIPT_SANDBOXING = YES;
				GCC_C_LANGUAGE_STANDARD = gnu17;
				GCC_DYNAMIC_NO_PIC = NO;
				GCC_NO_COMMON_BLOCKS = YES;
				GCC_OPTIMIZATION_LEVEL = 0;
				GCC_PREPROCESSOR_DEFINITIONS = (
					"DEBUG=1",
					"$(inherited)",
				);
				GCC_WARN_64_TO_32_BIT_CONVERSION = YES;
				GCC_WARN_ABOUT_RETURN_TYPE = YES_ERROR;
				GCC_WARN_UNDECLARED_SELECTOR = YES;
				GCC_WARN_UNINITIALIZED_AUTOS = YES_AGGRESSIVE;
				GCC_WARN_UNUSED_FUNCTION = YES;
				GCC_WARN_UNUSED_VARIABLE = YES;
				IPHONEOS_DEPLOYMENT_TARGET = 17.4;
				LOCALIZATION_PREFERS_STRING_CATALOGS = YES;
				MTL_ENABLE_DEBUG_INFO = INCLUDE_SOURCE;
				MTL_FAST_MATH = YES;
				ONLY_ACTIVE_ARCH = YES;
				SDKROOT = iphoneos;
				SWIFT_ACTIVE_COMPILATION_CONDITIONS = "DEBUG $(inherited)";
				SWIFT_OPTIMIZATION_LEVEL = "-Onone";
			};
			name = Debug;
		};
		52D72E332BD8DC0000D3EB88 /* Release */ = {
			isa = XCBuildConfiguration;
			buildSettings = {
				ALWAYS_SEARCH_USER_PATHS = NO;
				ASSETCATALOG_COMPILER_GENERATE_SWIFT_ASSET_SYMBOL_EXTENSIONS = YES;
				CLANG_ANALYZER_NONNULL = YES;
				CLANG_ANALYZER_NUMBER_OBJECT_CONVERSION = YES_AGGRESSIVE;
				CLANG_CXX_LANGUAGE_STANDARD = "gnu++20";
				CLANG_ENABLE_MODULES = YES;
				CLANG_ENABLE_OBJC_ARC = YES;
				CLANG_ENABLE_OBJC_WEAK = YES;
				CLANG_WARN_BLOCK_CAPTURE_AUTORELEASING = YES;
				CLANG_WARN_BOOL_CONVERSION = YES;
				CLANG_WARN_COMMA = YES;
				CLANG_WARN_CONSTANT_CONVERSION = YES;
				CLANG_WARN_DEPRECATED_OBJC_IMPLEMENTATIONS = YES;
				CLANG_WARN_DIRECT_OBJC_ISA_USAGE = YES_ERROR;
				CLANG_WARN_DOCUMENTATION_COMMENTS = YES;
				CLANG_WARN_EMPTY_BODY = YES;
				CLANG_WARN_ENUM_CONVERSION = YES;
				CLANG_WARN_INFINITE_RECURSION = YES;
				CLANG_WARN_INT_CONVERSION = YES;
				CLANG_WARN_NON_LITERAL_NULL_CONVERSION = YES;
				CLANG_WARN_OBJC_IMPLICIT_RETAIN_SELF = YES;
				CLANG_WARN_OBJC_LITERAL_CONVERSION = YES;
				CLANG_WARN_OBJC_ROOT_CLASS = YES_ERROR;
				CLANG_WARN_QUOTED_INCLUDE_IN_FRAMEWORK_HEADER = YES;
				CLANG_WARN_RANGE_LOOP_ANALYSIS = YES;
				CLANG_WARN_STRICT_PROTOTYPES = YES;
				CLANG_WARN_SUSPICIOUS_MOVE = YES;
				CLANG_WARN_UNGUARDED_AVAILABILITY = YES_AGGRESSIVE;
				CLANG_WARN_UNREACHABLE_CODE = YES;
				CLANG_WARN__DUPLICATE_METHOD_MATCH = YES;
				COPY_PHASE_STRIP = NO;
				DEBUG_INFORMATION_FORMAT = "dwarf-with-dsym";
				ENABLE_NS_ASSERTIONS = NO;
				ENABLE_STRICT_OBJC_MSGSEND = YES;
				ENABLE_USER_SCRIPT_SANDBOXING = YES;
				GCC_C_LANGUAGE_STANDARD = gnu17;
				GCC_NO_COMMON_BLOCKS = YES;
				GCC_WARN_64_TO_32_BIT_CONVERSION = YES;
				GCC_WARN_ABOUT_RETURN_TYPE = YES_ERROR;
				GCC_WARN_UNDECLARED_SELECTOR = YES;
				GCC_WARN_UNINITIALIZED_AUTOS = YES_AGGRESSIVE;
				GCC_WARN_UNUSED_FUNCTION = YES;
				GCC_WARN_UNUSED_VARIABLE = YES;
				IPHONEOS_DEPLOYMENT_TARGET = 17.4;
				LOCALIZATION_PREFERS_STRING_CATALOGS = YES;
				MTL_ENABLE_DEBUG_INFO = NO;
				MTL_FAST_MATH = YES;
				SDKROOT = iphoneos;
				SWIFT_COMPILATION_MODE = wholemodule;
				VALIDATE_PRODUCT = YES;
			};
			name = Release;
		};
		52D72E352BD8DC0000D3EB88 /* Debug */ = {
			isa = XCBuildConfiguration;
			buildSettings = {
				ASSETCATALOG_COMPILER_APPICON_NAME = AppIcon;
				ASSETCATALOG_COMPILER_GLOBAL_ACCENT_COLOR_NAME = AccentColor;
				CODE_SIGN_STYLE = Automatic;
				CURRENT_PROJECT_VERSION = 1;
				DEVELOPMENT_ASSET_PATHS = "\"VoiceAI/Preview Content\"";
				ENABLE_PREVIEWS = YES;
				GENERATE_INFOPLIST_FILE = YES;
				INFOPLIST_KEY_UIApplicationSceneManifest_Generation = YES;
				INFOPLIST_KEY_UIApplicationSupportsIndirectInputEvents = YES;
				INFOPLIST_KEY_UILaunchScreen_Generation = YES;
				INFOPLIST_KEY_UISupportedInterfaceOrientations_iPad = "UIInterfaceOrientationPortrait UIInterfaceOrientationPortraitUpsideDown UIInterfaceOrientationLandscapeLeft UIInterfaceOrientationLandscapeRight";
				INFOPLIST_KEY_UISupportedInterfaceOrientations_iPhone = "UIInterfaceOrientationPortrait UIInterfaceOrientationLandscapeLeft UIInterfaceOrientationLandscapeRight";
				LD_RUNPATH_SEARCH_PATHS = (
					"$(inherited)",
					"@executable_path/Frameworks",
				);
				MARKETING_VERSION = 1.0;
				PRODUCT_BUNDLE_IDENTIFIER = com.dira.VoiceAI;
				PRODUCT_NAME = "$(TARGET_NAME)";
				SWIFT_EMIT_LOC_STRINGS = YES;
				SWIFT_VERSION = 5.0;
				TARGETED_DEVICE_FAMILY = "1,2";
			};
			name = Debug;
		};
		52D72E362BD8DC0000D3EB88 /* Release */ = {
			isa = XCBuildConfiguration;
			buildSettings = {
				ASSETCATALOG_COMPILER_APPICON_NAME = AppIcon;
				ASSETCATALOG_COMPILER_GLOBAL_ACCENT_COLOR_NAME = AccentColor;
				CODE_SIGN_STYLE = Automatic;
				CURRENT_PROJECT_VERSION = 1;
				DEVELOPMENT_ASSET_PATHS = "\"VoiceAI/Preview Content\"";
				ENABLE_PREVIEWS = YES;
				GENERATE_INFOPLIST_FILE = YES;
				INFOPLIST_KEY_UIApplicationSceneManifest_Generation = YES;
				INFOPLIST_KEY_UIApplicationSupportsIndirectInputEvents = YES;
				INFOPLIST_KEY_UILaunchScreen_Generation = YES;
				INFOPLIST_KEY_UISupportedInterfaceOrientations_iPad = "UIInterfaceOrientationPortrait UIInterfaceOrientationPortraitUpsideDown UIInterfaceOrientationLandscapeLeft UIInterfaceOrientationLandscapeRight";
				INFOPLIST_KEY_UISupportedInterfaceOrientations_iPhone = "UIInterfaceOrientationPortrait UIInterfaceOrientationLandscapeLeft UIInterfaceOrientationLandscapeRight";
				LD_RUNPATH_SEARCH_PATHS = (
					"$(inherited)",
					"@executable_path/Frameworks",
				);
				MARKETING_VERSION = 1.0;
				PRODUCT_BUNDLE_IDENTIFIER = com.dira.VoiceAI;
				PRODUCT_NAME = "$(TARGET_NAME)";
				SWIFT_EMIT_LOC_STRINGS = YES;
				SWIFT_VERSION = 5.0;
				TARGETED_DEVICE_FAMILY = "1,2";
			};
			name = Release;
		};
/* End XCBuildConfiguration section */

/* Begin XCConfigurationList section */
		52D72E212BD8DBFF00D3EB88 /* Build configuration list for PBXProject "VoiceAI" */ = {
			isa = XCConfigurationList;
			buildConfigurations = (
				52D72E322BD8DC0000D3EB88 /* Debug */,
				52D72E332BD8DC0000D3EB88 /* Release */,
			);
			defaultConfigurationIsVisible = 0;
			defaultConfigurationName = Release;
		};
		52D72E342BD8DC0000D3EB88 /* Build configuration list for PBXNativeTarget "VoiceAI" */ = {
			isa = XCConfigurationList;
			buildConfigurations = (
				52D72E352BD8DC0000D3EB88 /* Debug */,
				52D72E362BD8DC0000D3EB88 /* Release */,
			);
			defaultConfigurationIsVisible = 0;
			defaultConfigurationName = Release;
		};
/* End XCConfigurationList section */

/* Begin XCRemoteSwiftPackageReference section */
		52116CF42BD9FD2300C0E70F /* XCRemoteSwiftPackageReference "generative-ai-swift" */ = {
			isa = XCRemoteSwiftPackageReference;
			repositoryURL = "https://github.com/google-gemini/generative-ai-swift.git";
			requirement = {
				kind = upToNextMajorVersion;
				minimumVersion = 0.5.0;
			};
		};
/* End XCRemoteSwiftPackageReference section */

/* Begin XCSwiftPackageProductDependency section */
		52116CF52BD9FD2300C0E70F /* GoogleGenerativeAI */ = {
			isa = XCSwiftPackageProductDependency;
			package = 52116CF42BD9FD2300C0E70F /* XCRemoteSwiftPackageReference "generative-ai-swift" */;
			productName = GoogleGenerativeAI;
		};
/* End XCSwiftPackageProductDependency section */
	};
	rootObject = 52D72E1E2BD8DBFF00D3EB88 /* Project object */;
}
